
Microsoft Visual Studio Solution File, Format Version 12.00
# Visual Studio Version 16
VisualStudioVersion = 16.0.31624.102
MinimumVisualStudioVersion = 10.0.40219.1
Project("{FAE04EC0-301F-11D3-BF4B-00C04F79EFBC}") = "ContainerShipConsoleUnitTest", "ContainerShipConsoleUnitTest\ContainerShipConsoleUnitTest.csproj", "{712E6FB4-E149-441A-9F85-0CD7B6E4BDF1}"
EndProject
Project("{FAE04EC0-301F-11D3-BF4B-00C04F79EFBC}") = "ContainerShipWindowsForms", "ContainerShipWindowsForms\ContainerShipWindowsForms.csproj", "{21A0BE14-0333-4CEE-9657-0C1D5BAEF427}"
EndProject
Project("{FAE04EC0-301F-11D3-BF4B-00C04F79EFBC}") = "ContainerShipClassLibrary", "ContainerShipClassLibrary\ContainerShipClassLibrary.csproj", "{C0F72925-2D52-4112-9F2F-CBC0B4845E57}"
EndProject
Global
	GlobalSection(SolutionConfigurationPlatforms) = preSolution
		Debug|Any CPU = Debug|Any CPU
		Release|Any CPU = Release|Any CPU
	EndGlobalSection
	GlobalSection(ProjectConfigurationPlatforms) = postSolution
		{712E6FB4-E149-441A-9F85-0CD7B6E4BDF1}.Debug|Any CPU.ActiveCfg = Debug|Any CPU
		{712E6FB4-E149-441A-9F85-0CD7B6E4BDF1}.Debug|Any CPU.Build.0 = Debug|Any CPU
		{712E6FB4-E149-441A-9F85-0CD7B6E4BDF1}.Release|Any CPU.ActiveCfg = Release|Any CPU
		{712E6FB4-E149-441A-9F85-0CD7B6E4BDF1}.Release|Any CPU.Build.0 = Release|Any CPU
		{21A0BE14-0333-4CEE-9657-0C1D5BAEF427}.Debug|Any CPU.ActiveCfg = Debug|Any CPU
		{21A0BE14-0333-4CEE-9657-0C1D5BAEF427}.Debug|Any CPU.Build.0 = Debug|Any CPU
		{21A0BE14-0333-4CEE-9657-0C1D5BAEF427}.Release|Any CPU.ActiveCfg = Release|Any CPU
		{21A0BE14-0333-4CEE-9657-0C1D5BAEF427}.Release|Any CPU.Build.0 = Release|Any CPU
		{C0F72925-2D52-4112-9F2F-CBC0B4845E57}.Debug|Any CPU.ActiveCfg = Debug|Any CPU
		{C0F72925-2D52-4112-9F2F-CBC0B4845E57}.Debug|Any CPU.Build.0 = Debug|Any CPU
		{C0F72925-2D52-4112-9F2F-CBC0B4845E57}.Release|Any CPU.ActiveCfg = Release|Any CPU
		{C0F72925-2D52-4112-9F2F-CBC0B4845E57}.Release|Any CPU.Build.0 = Release|Any CPU
	EndGlobalSection
	GlobalSection(SolutionProperties) = preSolution
		HideSolutionNode = FALSE
	EndGlobalSection
	GlobalSection(ExtensibilityGlobals) = postSolution
		SolutionGuid = {F9813F56-366F-41C2-9992-520B1A7EC60D}
	EndGlobalSection
EndGlobal
